
Microsoft Visual Studio Solution File, Format Version 12.00
# Visual Studio Version 17
VisualStudioVersion = 17.5.002.0
MinimumVisualStudioVersion = 10.0.40219.1
Project("{9A19103F-16F7-4668-BE54-9A1E7A4F7556}") = "Catalog.API", "Catalog.API.csproj", "{5C708896-3EBA-426B-9CDD-ABC7A05229EF}"
EndProject
Global
	GlobalSection(SolutionConfigurationPlatforms) = preSolution
		Debug|Any CPU = Debug|Any CPU
		Release|Any CPU = Release|Any CPU
	EndGlobalSection
	GlobalSection(ProjectConfigurationPlatforms) = postSolution
		{5C708896-3EBA-426B-9CDD-ABC7A05229EF}.Debug|Any CPU.ActiveCfg = Debug|Any CPU
		{5C708896-3EBA-426B-9CDD-ABC7A05229EF}.Debug|Any CPU.Build.0 = Debug|Any CPU
		{5C708896-3EBA-426B-9CDD-ABC7A05229EF}.Release|Any CPU.ActiveCfg = Release|Any CPU
		{5C708896-3EBA-426B-9CDD-ABC7A05229EF}.Release|Any CPU.Build.0 = Release|Any CPU
	EndGlobalSection
	GlobalSection(SolutionProperties) = preSolution
		HideSolutionNode = FALSE
	EndGlobalSection
	GlobalSection(ExtensibilityGlobals) = postSolution
		SolutionGuid = {3D6D0EB2-40F0-4377-A753-A7809DF6E723}
	EndGlobalSection
EndGlobal
