
Microsoft Visual Studio Solution File, Format Version 12.00
# Visual Studio Version 17
VisualStudioVersion = 17.0.31903.59
MinimumVisualStudioVersion = 10.0.40219.1
Project("{2150E333-8FDC-42A3-9474-1A3956D46DE8}") = "Services", "Services", "{EFCE8838-B6A0-4E22-80C2-48A660770504}"
EndProject
Project("{2150E333-8FDC-42A3-9474-1A3956D46DE8}") = "Catalog", "Catalog", "{F8BD4B9D-6FD2-46BB-A16C-96C621EE3E09}"
EndProject
Project("{FAE04EC0-301F-11D3-BF4B-00C04F79EFBC}") = "Catalog.API", "Services\Catalog\Catalog.API\Catalog.API.csproj", "{24B1CDC0-57F2-4C45-BA60-7C9F8973C3E4}"
EndProject
Project("{2150E333-8FDC-42A3-9474-1A3956D46DE8}") = "BuildingBlocks", "BuildingBlocks", "{ECC6C64D-D091-409C-9C9E-4F9BD2C27088}"
EndProject
Project("{FAE04EC0-301F-11D3-BF4B-00C04F79EFBC}") = "BuildingBlocks", "BuildingBlocks\BuildingBlocks\BuildingBlocks.csproj", "{239C3B2C-DA79-4681-A5CC-6147EC228144}"
EndProject
Project("{2150E333-8FDC-42A3-9474-1A3956D46DE8}") = "Basket", "Basket", "{4F5DCD80-958B-4738-9375-1D2182B68573}"
EndProject
Project("{FAE04EC0-301F-11D3-BF4B-00C04F79EFBC}") = "Basket.API", "Services\Basket\Basket.API\Basket.API.csproj", "{F2CF23B8-B037-4955-8BC7-A9B756BF1DF0}"
EndProject
Project("{2150E333-8FDC-42A3-9474-1A3956D46DE8}") = "Discount", "Discount", "{93CA6E46-0091-4CDF-9C86-9E87FC9D6474}"
EndProject
Project("{FAE04EC0-301F-11D3-BF4B-00C04F79EFBC}") = "Discount.Grpc", "Services\Discount\Discount.Grpc\Discount.Grpc.csproj", "{7A8B3997-DE6B-4D17-BE8E-ACEDA0B42389}"
EndProject
Project("{2150E333-8FDC-42A3-9474-1A3956D46DE8}") = "Ordering", "Ordering", "{1D8F06B0-2F07-4D02-AD0F-2A20B0934894}"
EndProject
Project("{FAE04EC0-301F-11D3-BF4B-00C04F79EFBC}") = "Ordering.API", "Services\Ordering\Ordering.API\Ordering.API.csproj", "{C2F1759E-835F-4A0D-9F0B-DFB6A0B5A44D}"
EndProject
Project("{FAE04EC0-301F-11D3-BF4B-00C04F79EFBC}") = "Ordering.Domain", "Services\Ordering\Ordering.Domain\Ordering.Domain.csproj", "{1E6A8EDC-666A-409D-B143-D25034AC9F5B}"
EndProject
Project("{FAE04EC0-301F-11D3-BF4B-00C04F79EFBC}") = "Ordering.Application", "Services\Ordering\Ordering.Application\Ordering.Application.csproj", "{EF0420C2-6718-4894-ABF6-D2FABBBBFEC2}"
EndProject
Project("{FAE04EC0-301F-11D3-BF4B-00C04F79EFBC}") = "Ordering.Infrastructure", "Services\Ordering\Ordering.Infrastructure\Ordering.Infrastructure.csproj", "{69BD8309-9E82-4EF0-8294-30BB5D420119}"
EndProject
Global
	GlobalSection(SolutionConfigurationPlatforms) = preSolution
		Debug|Any CPU = Debug|Any CPU
		Release|Any CPU = Release|Any CPU
	EndGlobalSection
	GlobalSection(ProjectConfigurationPlatforms) = postSolution
		{24B1CDC0-57F2-4C45-BA60-7C9F8973C3E4}.Debug|Any CPU.ActiveCfg = Debug|Any CPU
		{24B1CDC0-57F2-4C45-BA60-7C9F8973C3E4}.Debug|Any CPU.Build.0 = Debug|Any CPU
		{24B1CDC0-57F2-4C45-BA60-7C9F8973C3E4}.Release|Any CPU.ActiveCfg = Release|Any CPU
		{24B1CDC0-57F2-4C45-BA60-7C9F8973C3E4}.Release|Any CPU.Build.0 = Release|Any CPU
		{239C3B2C-DA79-4681-A5CC-6147EC228144}.Debug|Any CPU.ActiveCfg = Debug|Any CPU
		{239C3B2C-DA79-4681-A5CC-6147EC228144}.Debug|Any CPU.Build.0 = Debug|Any CPU
		{239C3B2C-DA79-4681-A5CC-6147EC228144}.Release|Any CPU.ActiveCfg = Release|Any CPU
		{239C3B2C-DA79-4681-A5CC-6147EC228144}.Release|Any CPU.Build.0 = Release|Any CPU
		{F2CF23B8-B037-4955-8BC7-A9B756BF1DF0}.Debug|Any CPU.ActiveCfg = Debug|Any CPU
		{F2CF23B8-B037-4955-8BC7-A9B756BF1DF0}.Debug|Any CPU.Build.0 = Debug|Any CPU
		{F2CF23B8-B037-4955-8BC7-A9B756BF1DF0}.Release|Any CPU.ActiveCfg = Release|Any CPU
		{F2CF23B8-B037-4955-8BC7-A9B756BF1DF0}.Release|Any CPU.Build.0 = Release|Any CPU
		{7A8B3997-DE6B-4D17-BE8E-ACEDA0B42389}.Debug|Any CPU.ActiveCfg = Debug|Any CPU
		{7A8B3997-DE6B-4D17-BE8E-ACEDA0B42389}.Debug|Any CPU.Build.0 = Debug|Any CPU
		{7A8B3997-DE6B-4D17-BE8E-ACEDA0B42389}.Release|Any CPU.ActiveCfg = Release|Any CPU
		{7A8B3997-DE6B-4D17-BE8E-ACEDA0B42389}.Release|Any CPU.Build.0 = Release|Any CPU
		{C2F1759E-835F-4A0D-9F0B-DFB6A0B5A44D}.Debug|Any CPU.ActiveCfg = Debug|Any CPU
		{C2F1759E-835F-4A0D-9F0B-DFB6A0B5A44D}.Debug|Any CPU.Build.0 = Debug|Any CPU
		{C2F1759E-835F-4A0D-9F0B-DFB6A0B5A44D}.Release|Any CPU.ActiveCfg = Release|Any CPU
		{C2F1759E-835F-4A0D-9F0B-DFB6A0B5A44D}.Release|Any CPU.Build.0 = Release|Any CPU
		{1E6A8EDC-666A-409D-B143-D25034AC9F5B}.Debug|Any CPU.ActiveCfg = Debug|Any CPU
		{1E6A8EDC-666A-409D-B143-D25034AC9F5B}.Debug|Any CPU.Build.0 = Debug|Any CPU
		{1E6A8EDC-666A-409D-B143-D25034AC9F5B}.Release|Any CPU.ActiveCfg = Release|Any CPU
		{1E6A8EDC-666A-409D-B143-D25034AC9F5B}.Release|Any CPU.Build.0 = Release|Any CPU
		{EF0420C2-6718-4894-ABF6-D2FABBBBFEC2}.Debug|Any CPU.ActiveCfg = Debug|Any CPU
		{EF0420C2-6718-4894-ABF6-D2FABBBBFEC2}.Debug|Any CPU.Build.0 = Debug|Any CPU
		{EF0420C2-6718-4894-ABF6-D2FABBBBFEC2}.Release|Any CPU.ActiveCfg = Release|Any CPU
		{EF0420C2-6718-4894-ABF6-D2FABBBBFEC2}.Release|Any CPU.Build.0 = Release|Any CPU
		{69BD8309-9E82-4EF0-8294-30BB5D420119}.Debug|Any CPU.ActiveCfg = Debug|Any CPU
		{69BD8309-9E82-4EF0-8294-30BB5D420119}.Debug|Any CPU.Build.0 = Debug|Any CPU
		{69BD8309-9E82-4EF0-8294-30BB5D420119}.Release|Any CPU.ActiveCfg = Release|Any CPU
		{69BD8309-9E82-4EF0-8294-30BB5D420119}.Release|Any CPU.Build.0 = Release|Any CPU
	EndGlobalSection
	GlobalSection(SolutionProperties) = preSolution
		HideSolutionNode = FALSE
	EndGlobalSection
	GlobalSection(NestedProjects) = preSolution
		{F8BD4B9D-6FD2-46BB-A16C-96C621EE3E09} = {EFCE8838-B6A0-4E22-80C2-48A660770504}
		{24B1CDC0-57F2-4C45-BA60-7C9F8973C3E4} = {F8BD4B9D-6FD2-46BB-A16C-96C621EE3E09}
		{239C3B2C-DA79-4681-A5CC-6147EC228144} = {ECC6C64D-D091-409C-9C9E-4F9BD2C27088}
		{4F5DCD80-958B-4738-9375-1D2182B68573} = {EFCE8838-B6A0-4E22-80C2-48A660770504}
		{F2CF23B8-B037-4955-8BC7-A9B756BF1DF0} = {4F5DCD80-958B-4738-9375-1D2182B68573}
		{93CA6E46-0091-4CDF-9C86-9E87FC9D6474} = {EFCE8838-B6A0-4E22-80C2-48A660770504}
		{7A8B3997-DE6B-4D17-BE8E-ACEDA0B42389} = {93CA6E46-0091-4CDF-9C86-9E87FC9D6474}
		{1D8F06B0-2F07-4D02-AD0F-2A20B0934894} = {EFCE8838-B6A0-4E22-80C2-48A660770504}
		{C2F1759E-835F-4A0D-9F0B-DFB6A0B5A44D} = {1D8F06B0-2F07-4D02-AD0F-2A20B0934894}
		{1E6A8EDC-666A-409D-B143-D25034AC9F5B} = {1D8F06B0-2F07-4D02-AD0F-2A20B0934894}
		{EF0420C2-6718-4894-ABF6-D2FABBBBFEC2} = {1D8F06B0-2F07-4D02-AD0F-2A20B0934894}
		{69BD8309-9E82-4EF0-8294-30BB5D420119} = {1D8F06B0-2F07-4D02-AD0F-2A20B0934894}
	EndGlobalSection
EndGlobal
